{
  "name": "sativar-isis",
  "version": "0.30.0",
  "lockfileVersion": 3,
  "requires": true,
  "packages": {
    "": {
      "name": "sativar-isis",
      "version": "0.30.0",
      "private": true,
      "devDependencies": {
        "@types/react": "^18.3.3",
        "@types/react-dom": "^18.3.0",
        "@vitejs/plugin-react": "^4.3.1",
        "typescript": "^5.5.3",
        "vite": "^5.3.3"
      }
    },
    "node_modules/@babel/parser": {
      "version": "7.24.7",
      "resolved": "https://registry.npmjs.org/@babel/parser/-/parser-7.24.7.tgz",
      "integrity": "sha512-Vko7DJIg6dyt4wwea3+2QhT/6yLhS3G2sxsoTlp3hGnA24l2bTuTZ80Pj29zchtrgMvawx2T2B36JVBkr2GzAA==",
      "dev": true,
      "bin": {
        "parser": "bin/babel-parser.js"
      },
      "engines": {
        "node": ">=6.0.0"
      }
    },
    "node_modules/@types/prop-types": {
      "version": "15.7.12",
      "resolved": "https://registry.npmjs.org/@types/prop-types/-/prop-types-15.7.12.tgz",
      "integrity": "sha512-5zvhXYS3icfNlvmqgAB8oV4QkssDVLkxxpcqVd35lcll922ge2u2i2DmMOKyn1UK8JeY8iR18wRGPpDEu2yADg==",
      "dev": true
    },
    "node_modules/@types/react": {
      "version": "18.3.3",
      "resolved": "https://registry.npmjs.org/@types/react/-/react-18.3.3.tgz",
      "integrity": "sha512-hti/R0pS0q1/cpxhi1s3TWMiDy322n8O1H1p1M3sfpwTgcziwEDsV1AupI5OBX3Q3G33ew3l8bM2waa80Y3p2Q==",
      "dev": true,
      "dependencies": {
        "@types/prop-types": "*",
        "csstype": "^3.0.2"
      }
    },
    "node_modules/@types/react-dom": {
      "version": "18.3.0",
      "resolved": "https://registry.npmjs.org/@types/react-dom/-/react-dom-18.3.0.tgz",
      "integrity": "sha512-dGhbL3x2KBIYk0N24M0g82ZAm0sVHYI+M2l5LraE2G0C4s2Fm2vxn2D2grz75aPGO2rN6PqEmsJb3I5OchfCgw==",
      "dev": true,
      "dependencies": {
        "@types/react": "*"
      }
    },
    "node_modules/@vitejs/plugin-react": {
      "version": "4.3.1",
      "resolved": "https://registry.npmjs.org/@vitejs/plugin-react/-/plugin-react-4.3.1.tgz",
      "integrity": "sha512-sH8sUm522w2l2Fod5F2rKDIH8gReaZd4F43D7cfWTSySy4vCeDty0swbQGgp2R88ETwB23LgV+0B3g3y4D3UzA==",
      "dev": true,
      "dependencies": {
        "@babel/parser": "^7.23.0",
        "magic-string": "^0.30.5",
        "resolve": "^1.22.8"
      },
      "engines": {
        "node": "^18.0.0 || >=20.0.0"
      },
      "peerDependencies": {
        "vite": "^4.2.0 || ^5.0.0"
      }
    },
    "node_modules/acorn": {
      "version": "8.12.0",
      "resolved": "https://registry.npmjs.org/acorn/-/acorn-8.12.0.tgz",
      "integrity": "sha512-dL09I8t2bPSvN5dPA23R3nBwogj1j8QL13uCSa2YMbYeq3NnI4KxSBOE63W8fJ/5zD4T7e+aI0Ie80yVz1/kg==",
      "dev": true,
      "bin": {
        "acorn": "bin/acorn"
      },
      "engines": {
        "node": ">=0.4.0"
      }
    },
    "node_modules/acorn-walk": {
      "version": "8.3.2",
      "resolved": "https://registry.npmjs.org/acorn-walk/-/acorn-walk-8.3.2.tgz",
      "integrity": "sha512-835+Ba9Q+iXdgk/v4AAvFK64I7Vl4OPfaLaa1jkg+iOQ+dAhsWBQSUU4yI32R2I0w82v6I/rJjE1sY/qU9t3BA==",
      "dev": true,
      "engines": {
        "node": ">=0.4.0"
      }
    },
    "node_modules/braces": {
      "version": "3.0.3",
      "resolved": "https://registry.npmjs.org/braces/-/braces-3.0.3.tgz",
      "integrity": "sha512-y2+LmygdYlhtjAwfP7fa/SB3Kq4cAKrc5kk5j4oM9V3/fSQkQnCV422v6yX9V1Ie4t3BWDH/d7b5Trx0vN4CNQ==",
      "dev": true,
      "dependencies": {
        "fill-range": "^7.1.1"
      },
      "engines": {
        "node": ">=8"
      }
    },
    "node_modules/browserslist": {
      "version": "4.23.1",
      "resolved": "https://registry.npmjs.org/browserslist/-/browserslist-4.23.1.tgz",
      "integrity": "sha512-c2fT5jsQ3/RBStBCWLvD4i2L4t5yDLxVLwqNnZ8pC+eBMCa6l3j2S5FhbrxJgvPUJZa2VcdVn0tQWLD1mDFt0g==",
      "dev": true,
      "funding": [
        {
          "type": "opencollective",
          "url": "https://opencollective.com/browserslist"
        },
        {
          "type": "tidelift",
          "url": "https://tidelift.com/subscription/pkg/npm-browserslist"
        },
        {
          "type": "github",
          "url": "https://github.com/sponsors/ai"
        }
      ],
      "dependencies": {
        "caniuse-lite": "^1.0.30001633",
        "electron-to-chromium": "^1.4.801",
        "node-releases": "^2.0.14",
        "update-browserslist-db": "^1.0.16"
      },
      "bin": {
        "browserslist": "cli.js"
      },
      "engines": {
        "node": "^6 || ^7 || ^8 || ^9 || ^10 || ^11 || ^12 || >=13.7"
      }
    },
    "node_modules/caniuse-lite": {
      "version": "1.0.30001633",
      "resolved": "https://registry.npmjs.org/caniuse-lite/-/caniuse-lite-1.0.30001633.tgz",
      "integrity": "sha512-2l7i9V8g7Ojd+eAmfJvjMh0PZqpbE96GDYVpBTr4p6b8l9fD1Q6G9gHJl+3wP0Qvj5+qWYM2GjbXfO2t+74gQ==",
      "dev": true,
      "funding": [
        {
          "type": "opencollective",
          "url": "https://opencollective.com/browserslist"
        },
        {
          "type": "tidelift",
          "url": "https://tidelift.com/subscription/pkg/npm-caniuse-lite"
        }
      ]
    },
    "node_modules/csstype": {
      "version": "3.1.3",
      "resolved": "https://registry.npmjs.org/csstype/-/csstype-3.1.3.tgz",
      "integrity": "sha512-M1uQkMl8rQK/szD0LNhtqxIPLzU33+skIcqbiQ2nPGlDaNF302wvFFRk64SikdPTU2gY/MwoCR4q7J3wAYD6rA==",
      "dev": true
    },
    "node_modules/electron-to-chromium": {
      "version": "1.4.801",
      "resolved": "https://registry.npmjs.org/electron-to-chromium/-/electron-to-chromium-1.4.801.tgz",
      "integrity": "sha512-RzWkCsp51b1p3n/pTyhQ/nYKJj+m0VbMtnuXU/c7+i2s3y4x5g925aN8qg3k1O9yO12UqY7oT/iOaQO73wLXQ==",
      "dev": true
    },
    "node_modules/esbuild": {
      "version": "0.21.5",
      "resolved": "https://registry.npmjs.org/esbuild/-/esbuild-0.21.5.tgz",
      "integrity": "sha512-QfHMr2+Y2gLh1E0gP2tT4q8mGj41hS8Yh1g2c3s9e3L4iWyZkKaW/vHPq9XwI2uIpgx8Q5WlM1w/Gf7oA==",
      "dev": true,
      "hasInstallScript": true,
      "bin": {
        "esbuild": "bin/esbuild"
      },
      "engines": {
        "node": ">=12"
      },
      "optionalDependencies": {
        "@esbuild/android-arm": "0.21.5",
        "@esbuild/android-arm64": "0.21.5",
        "@esbuild/android-x64": "0.21.5",
        "@esbuild/darwin-arm64": "0.21.5",
        "@esbuild/darwin-x64": "0.21.5",
        "@esbuild/freebsd-arm64": "0.21.5",
        "@esbuild/freebsd-x64": "0.21.5",
        "@esbuild/linux-arm": "0.21.5",
        "@esbuild/linux-arm64": "0.21.5",
        "@esbuild/linux-ia32": "0.21.5",
        "@esbuild/linux-loong64": "0.21.5",
        "@esbuild/linux-mips64el": "0.21.5",
        "@esbuild/linux-ppc64": "0.21.5",
        "@esbuild/linux-riscv64": "0.21.5",
        "@esbuild/linux-s390x": "0.21.5",
        "@esbuild/linux-x64": "0.21.5",
        "@esbuild/netbsd-x64": "0.21.5",
        "@esbuild/openbsd-x64": "0.21.5",
        "@esbuild/sunos-x64": "0.21.5",
        "@esbuild/win32-arm64": "0.21.5",
        "@esbuild/win32-ia32": "0.21.5",
        "@esbuild/win32-x64": "0.21.5"
      }
    },
    "node_modules/fill-range": {
      "version": "7.1.1",
      "resolved": "https://registry.npmjs.org/fill-range/-/fill-range-7.1.1.tgz",
      "integrity": "sha512-GzDBZ1f9c8d353j2c22L2+p3fThS5cc4yvv0IeD1P/w/g228sOqBVEStx38aMQL23b0ypf5K9rK2Pz5iPUm5A==",
      "dev": true,
      "dependencies": {
        "to-regex-range": "^5.0.1"
      },
      "engines": {
        "node": ">=8"
      }
    },
    "node_modules/is-number": {
      "version": "7.0.0",
      "resolved": "https://registry.npmjs.org/is-number/-/is-number-7.0.0.tgz",
      "integrity": "sha512-41Cifkg6e8TylSpdtTpeLVMqvSBEVzTttHvERD741+A2seVll4s4i1iWIadkdTBYyA7mKASrTwC8n rivelg2A==",
      "dev": true,
      "engines": {
        "node": ">=0.12.0"
      }
    },
    "node_modules/js-tokens": {
      "version": "4.0.0",
      "resolved": "https://registry.npmjs.org/js-tokens/-/js-tokens-4.0.0.tgz",
      "integrity": "sha512-RdJUflcE3cUzKiMqQgsCu06FPu9UdIJO0beYbPhHN4k6apgJtifcoCtT9bcxOpYBtpD2kCM6Sbzg4CausW/PKQ==",
      "dev": true
    },
    "node_modules/lightningcss": {
      "version": "1.25.1",
      "resolved": "https://registry.npmjs.org/lightningcss/-/lightningcss-1.25.1.tgz",
      "integrity": "sha512-j/p7TfB2k6n3dTxI31z2na5Y70d235u2TM21Wf6yVNMh2y2dlo02VnBqI5wz141wwN8lI426Q+n+r4pThgqgA==",
      "dev": true,
      "hasInstallScript": true,
      "engines": {
        "node": ">= 12.0.0"
      },
      "optionalDependencies": {
        "lightningcss-darwin-arm64": "1.25.1",
        "lightningcss-darwin-x64": "1.25.1",
        "lightningcss-linux-arm-gnueabihf": "1.25.1",
        "lightningcss-linux-arm64-gnu": "1.25.1",
        "lightningcss-linux-arm64-musl": "1.25.1",
        "lightningcss-linux-x64-gnu": "1.25.1",
        "lightningcss-linux-x64-musl": "1.25.1",
        "lightningcss-win32-arm64-msvc": "1.25.1",
        "lightningcss-win32-x64-msvc": "1.25.1"
      }
    },
    "node_modules/loose-envify": {
      "version": "1.4.0",
      "resolved": "https://registry.npmjs.org/loose-envify/-/loose-envify-1.4.0.tgz",
      "integrity": "sha512-lyuxPGr/Wfhrlem2CL/UcnUc1zcqKAImBDzukY7Y5F/yQiNdko6+fRLevlw1HgMySw7f611UIY408EtxRSoK3Q==",
      "dev": true,
      "dependencies": {
        "js-tokens": "^3.0.0 || ^4.0.0"
      },
      "bin": {
        "loose-envify": "cli.js"
      }
    },
    "node_modules/magic-string": {
      "version": "0.30.10",
      "resolved": "https://registry.npmjs.org/magic-string/-/magic-string-0.30.10.tgz",
      "integrity": "sha512-Y213e3LDxd392n844I/Sc4s0pW3Ie1gHFA3z3O9Pxnp1kS332pe7+3T2N0r2TlduPA4S1k0nFT2+2t3x+y2Lzw==",
      "dev": true,
      "dependencies": {
        "@jridgewell/sourcemap-codec": "^1.4.15"
      },
      "engines": {
        "node": ">=16.0.0"
      }
    },
    "node_modules/magic-string/node_modules/@jridgewell/sourcemap-codec": {
      "version": "1.4.15",
      "resolved": "https://registry.npmjs.org/@jridgewell/sourcemap-codec/-/sourcemap-codec-1.4.15.tgz",
      "integrity": "sha512-eF2rxCRulEKXHTRiDrDy6erMYDqNw4vOftLWGfL2Q6Bwtyv9gBB00o7a0VcFd863MsqstG4l4s2+yVwL/JYWxg==",
      "dev": true
    },
    "node_modules/nanoid": {
      "version": "3.3.7",
      "resolved": "https://registry.npmjs.org/nanoid/-/nanoid-3.3.7.tgz",
      "integrity": "sha512-eSPgUprcpATyBII3LRYrdl3XQjnd1emLQT/uOd2jgzKV2TD16wI1/pSj2oGNoi+kEZ3W6VwEa6PcAO1sS/o94w==",
      "dev": true,
      "bin": {
        "nanoid": "bin/nanoid.js"
      },
      "engines": {
        "node": "^10 || ^12 || ^13.7 || ^14 || >=15.0.1"
      }
    },
    "node_modules/node-releases": {
      "version": "2.0.14",
      "resolved": "https://registry.npmjs.org/node-releases/-/node-releases-2.0.14.tgz",
      "integrity": "sha512-yW7solzfedQCNlaO0dHP4y/LgGZgL72o2fM2/mZXs+p52gpE3UrhQvQT2h5VRRxvfm9ax2705V0nK9/KxL1w2g==",
      "dev": true
    },
    "node_modules/picocolors": {
      "version": "1.0.1",
      "resolved": "https://registry.npmjs.org/picocolors/-/picocolors-1.0.1.tgz",
      "integrity": "sha512-anP1Z8qwhCfnz6J23/sPZgT1I4sOl5+nWQAqgP2235R7OQliArvSGDWoe0L2gPpsMOKIF3bL202a0daFf41fLQ==",
      "dev": true
    },
    "node_modules/postcss": {
      "version": "8.4.38",
      "resolved": "https://registry.npmjs.org/postcss/-/postcss-8.4.38.tgz",
      "integrity": "sha512-W+2Jecfp5tT0a2lR82d1yS2u3l2aTFUczOKjVKxM1/Y2o61LZTFL+dvfPjEDwMAaWg2GCiP1iY3pB3wkvDxw4Q==",
      "dev": true,
      "funding": [
        {
          "type": "opencollective",
          "url": "https://opencollective.com/postcss/"
        },
        {
          "type": "tidelift",
          "url": "https://tidelift.com/funding/github/npm/postcss"
        },
        {
          "type": "github",
          "url": "https://github.com/sponsors/ai"
        }
      ],
      "dependencies": {
        "nanoid": "^3.3.7",
        "picocolors": "^1.0.0",
        "source-map-js": "^1.2.0"
      },
      "engines": {
        "node": "^12 || ^14 || >=16"
      }
    },
    "node_modules/react": {
      "version": "18.3.1",
      "resolved": "https://registry.npmjs.org/react/-/react-18.3.1.tgz",
      "integrity": "sha512-wS+hAgJ0G1htOKI6HyPeo2I2ISLzuaI65QNw8Kuc30hFm4l1Y1a1+2eM6iJgEa2aGsvsD4A7J9rbFk1F2VqHCQ==",
      "dev": true,
      "dependencies": {
        "loose-envify": "^1.1.0"
      },
      "engines": {
        "node": ">=0.10.0"
      }
    },
    "node_modules/resolve": {
      "version": "1.22.8",
      "resolved": "https://registry.npmjs.org/resolve/-/resolve-1.22.8.tgz",
      "integrity": "sha512-oKWePCxqpd6FnMv+aP+pB4V2Uu9a7tD5En/xliGg3P22eYw48c3iQcL2fMhX5edp9pP8I7HwB5A79fQGfQkQ==",
      "dev": true,
      "dependencies": {
        "is-core-module": "^2.11.0",
        "path-parse": "^1.0.7",
        "supports-preserve-symlinks-flag": "^1.0.0"
      },
      "bin": {
        "resolve": "bin/resolve"
      },
      "funding": {
        "url": "https://github.com/sponsors/ljharb"
      }
    },
    "node_modules/resolve/node_modules/is-core-module": {
      "version": "2.13.1",
      "resolved": "https://registry.npmjs.org/is-core-module/-/is-core-module-2.13.1.tgz",
      "integrity": "sha512-hHrIjvZsftOsvKSn2TRYl63zvxajp3KGE7g3DDuMhIgZERM3KalIs3e7Jp2sX0nhTMWL2m/eT/4sHhC11gE1wA==",
      "dev": true,
      "dependencies": {
        "hasown": "^2.0.0"
      },
      "funding": {
        "url": "https://github.com/sponsors/ljharb"
      }
    },
    "node_modules/resolve/node_modules/path-parse": {
      "version": "1.0.7",
      "resolved": "https://registry.npmjs.org/path-parse/-/path-parse-1.0.7.tgz",
      "integrity": "sha512-LDJzPVEEEPR+y48z93A0Ed0yXb8pAByGreqPSqdM2gDBrCEiSSm2UpiupVE9coU0pL0g3KYHaSsa4vPa1Vblgw==",
      "dev": true
    },
    "node_modules/resolve/node_modules/supports-preserve-symlinks-flag": {
      "version": "1.0.0",
      "resolved": "https://registry.npmjs.org/supports-preserve-symlinks-flag/-/supports-preserve-symlinks-flag-1.0.0.tgz",
      "integrity": "sha512-ot0WnXS9fgdkgIcePe6RnpPDheI96codSySuZyt+p1wMrA9UbspaSJNgxKFnOTj0eHwWEoPRrgrO3S4/SL0goto==",
      "dev": true,
      "engines": {
        "node": ">= 0.4"
      },
      "funding": {
        "url": "https://github.com/sponsors/ljharb"
      }
    },
    "node_modules/rollup": {
      "version": "4.18.0",
      "resolved": "https://registry.npmjs.org/rollup/-/rollup-4.18.0.tgz",
      "integrity": "sha512-32jB26h6s+5L8NJ+iA8i2d3DkPj2P80Jc5S5yTzlzHq32uV21h8L+f0oHy2Zf7pW2PzM4k/+hpb91k2ig==",
      "dev": true,
      "bin": {
        "rollup": "dist/bin/rollup"
      },
      "engines": {
        "node": ">=18.0.0",
        "npm": ">=8.0.0"
      },
      "optionalDependencies": {
        "@rollup/rollup-android-arm-eabi": "4.18.0",
        "@rollup/rollup-android-arm64": "4.18.0",
        "@rollup/rollup-darwin-arm64": "4.18.0",
        "@rollup/rollup-darwin-x64": "4.18.0",
        "@rollup/rollup-linux-arm-gnueabihf": "4.18.0",
        "@rollup/rollup-linux-arm64-gnu": "4.18.0",
        "@rollup/rollup-linux-arm64-musl": "4.18.0",
        "@rollup/rollup-linux-x64-gnu": "4.18.0",
        "@rollup/rollup-linux-x64-musl": "4.18.0",
        "@rollup/rollup-win32-arm64-msvc": "4.18.0",
        "@rollup/rollup-win32-ia32-msvc": "4.18.0",
        "@rollup/rollup-win32-x64-msvc": "4.18.0",
        "fsevents": "~2.3.2"
      }
    },
    "node_modules/rollup/node_modules/fsevents": {
      "version": "2.3.3",
      "resolved": "https://registry.npmjs.org/fsevents/-/fsevents-2.3.3.tgz",
      "integrity": "sha512-5xoFELQe4Mt4stZi4S+bs8GFCF25rRp8ftS4rFlSo5CQTimgQoF22Iq1I8vD4S0d7hGfY7bb2kI6w0GgpWIFRQQ==",
      "dev": true,
      "optional": true,
      "os": [
        "darwin"
      ],
      "engines": {
        "node": "^8.16.0 || ^10.6.0 || >=11.0.0"
      }
    },
    "node_modules/source-map-js": {
      "version": "1.2.0",
      "resolved": "https://registry.npmjs.org/source-map-js/-/source-map-js-1.2.0.tgz",
      "integrity": "sha512-itJW8lvSA0imC1EgpM4K1kPAVCFv4iI9LedVe32Q6D901LpGXS9vxq22N78e2vDFdk5YjWq5mTEe2t01M3sYwA==",
      "dev": true,
      "engines": {
        "node": ">=0.10.0"
      }
    },
    "node_modules/to-regex-range": {
      "version": "5.0.1",
      "resolved": "https://registry.npmjs.org/to-regex-range/-/to-regex-range-5.0.1.tgz",
      "integrity": "sha512-652mF4P0C8O+0t4A7sbpIeFjlarAFfxUD3B0YQp18o3B45SpMvD5LzL6h5zggtGckSjM1VbFT8Jn6q83vT2w==",
      "dev": true,
      "dependencies": {
        "is-number": "^7.0.0"
      },
      "engines": {
        "node": ">=8.0"
      }
    },
    "node_modules/typescript": {
      "version": "5.5.3",
      "resolved": "https://registry.npmjs.org/typescript/-/typescript-5.5.3.tgz",
      "integrity": "sha512-8mCEKj7OHVbL0oGg2TRcarIzAJd0x6bi+r9d9D8Bf22N2eI3H3jasS+tY3DPi04DSJe2+x2p3w3iPzboJ660/w==",
      "dev": true,
      "bin": {
        "tsc": "bin/tsc",
        "tsserver": "bin/tsserver"
      },
      "engines": {
        "node": ">=14.17"
      }
    },
    "node_modules/update-browserslist-db": {
      "version": "1.0.16",
      "resolved": "https://registry.npmjs.org/update-browserslist-db/-/update-browserslist-db-1.0.16.tgz",
      "integrity": "sha512-sE0x0GjyAylnS23Q00c3c6/e1r5J4iE5rYSc16/AczT2k3A1KAh25G43j2K4ZwsW3A8PAyM2A8u+SPu5O9gGA==",
      "dev": true,
      "funding": [
        {
          "type": "opencollective",
          "url": "https://opencollective.com/browserslist"
        },
        {
          "type": "tidelift",
          "url": "https://tidelift.com/subscription/pkg/npm-update-browserslist-db"
        }
      ],
      "dependencies": {
        "escalade": "^3.1.2",
        "picocolors": "^1.0.1"
      },
      "bin": {
        "update-browserslist-db": "cli.js"
      },
      "peerDependencies": {
        "browserslist": ">= 4.21.0"
      }
    },
    "node_modules/update-browserslist-db/node_modules/escalade": {
      "version": "3.1.2",
      "resolved": "https://registry.npmjs.org/escalade/-/escalade-3.1.2.tgz",
      "integrity": "sha512-NfERO03OTaayGA93Kx8bC6iTnk2jAvEI+eRuG1VjbePa31/530oJv2F/I6Tcw4wgqS20lT3haIydJJ0/X4zWRA==",
      "dev": true,
      "engines": {
        "node": ">=6"
      }
    },
    "node_modules/vite": {
      "version": "5.3.3",
      "resolved": "https://registry.npmjs.org/vite/-/vite-5.3.3.tgz",
      "integrity": "sha512-QpQ22T0xMh8CjPMMFpM+k+0E9K2j3gc0dQrjQoTjDVyO+fL9p3h/U4PmA3fsBmsnTVvO5Q+2Z/c1X8BfG4q23Q==",
      "dev": true,
      "dependencies": {
        "esbuild": "^0.21.4",
        "lightningcss": "^1.25.1",
        "postcss": "^8.4.38",
        "resolve": "^1.22.8",
        "rollup": "^4.18.0"
      },
      "bin": {
        "vite": "bin/vite.js"
      },
      "engines": {
        "node": "^18.0.0 || >=20.0.0"
      },
      "funding": {
        "url": "https://github.com/sponsors/yyx990803"
      },
      "optionalDependencies": {
        "fsevents": "~2.3.2"
      }
    },
    "node_modules/vite/node_modules/fsevents": {
      "version": "2.3.3",
      "resolved": "https://registry.npmjs.org/fsevents/-/fsevents-2.3.3.tgz",
      "integrity": "sha512-5xoFELQe4Mt4stZi4S+bs8GFCF25rRp8ftS4rFlSo5CQTimgQoF22Iq1I8vD4S0d7hGfY7bb2kI6w0GgpWIFRQQ==",
      "dev": true,
      "optional": true,
      "os": [
        "darwin"
      ],
      "engines": {
        "node": "^8.16.0 || ^10.6.0 || >=11.0.0"
      }
    }
  }
}
